
Microsoft Visual Studio Solution File, Format Version 12.00
# Visual Studio Version 17
VisualStudioVersion = 17.11.35312.102
MinimumVisualStudioVersion = 10.0.40219.1
Project("{8BC9CEB8-8B4A-11D0-8D11-00A0C91BC942}") = "Lesson2.1(repetition)", "Lesson2.1(repetition).vcxproj", "{EAD3936D-DB48-4EF5-8FAE-8ED1325513AD}"
EndProject
Project("{8BC9CEB8-8B4A-11D0-8D11-00A0C91BC942}") = "Lesson2.1.2", "Lesson2.1.2\Lesson2.1.2.vcxproj", "{FC57237F-04F0-481E-8DE5-957C9C447AE9}"
EndProject
Project("{8BC9CEB8-8B4A-11D0-8D11-00A0C91BC942}") = "Lesson2.1.3", "Lesson2.1.3\Lesson2.1.3.vcxproj", "{0B1C8561-418A-432B-87C4-AFFC5E465509}"
EndProject
Project("{8BC9CEB8-8B4A-11D0-8D11-00A0C91BC942}") = "Lesson2.1.4", "Lesson2.1.4\Lesson2.1.4.vcxproj", "{BD760F00-0D2B-4EC2-9659-4C8F3D6874DF}"
EndProject
Project("{8BC9CEB8-8B4A-11D0-8D11-00A0C91BC942}") = "Lesson2.1.5", "Lesson2.1.5\Lesson2.1.5.vcxproj", "{412AF431-36F4-429F-BC18-FC0CF127C432}"
EndProject
Project("{8BC9CEB8-8B4A-11D0-8D11-00A0C91BC942}") = "Lesson2.1.6", "Lesson2.1.6\Lesson2.1.6.vcxproj", "{C7F8A476-2D20-4BFC-A4E5-DC0E818C87FE}"
EndProject
Project("{8BC9CEB8-8B4A-11D0-8D11-00A0C91BC942}") = "Lesson2.1.7", "Lesson2.1.7\Lesson2.1.7.vcxproj", "{B2BC04A8-A163-4E36-B6CF-2173ABABEED6}"
EndProject
Global
	GlobalSection(SolutionConfigurationPlatforms) = preSolution
		Debug|x64 = Debug|x64
		Debug|x86 = Debug|x86
		Release|x64 = Release|x64
		Release|x86 = Release|x86
	EndGlobalSection
	GlobalSection(ProjectConfigurationPlatforms) = postSolution
		{EAD3936D-DB48-4EF5-8FAE-8ED1325513AD}.Debug|x64.ActiveCfg = Debug|x64
		{EAD3936D-DB48-4EF5-8FAE-8ED1325513AD}.Debug|x64.Build.0 = Debug|x64
		{EAD3936D-DB48-4EF5-8FAE-8ED1325513AD}.Debug|x86.ActiveCfg = Debug|Win32
		{EAD3936D-DB48-4EF5-8FAE-8ED1325513AD}.Debug|x86.Build.0 = Debug|Win32
		{EAD3936D-DB48-4EF5-8FAE-8ED1325513AD}.Release|x64.ActiveCfg = Release|x64
		{EAD3936D-DB48-4EF5-8FAE-8ED1325513AD}.Release|x64.Build.0 = Release|x64
		{EAD3936D-DB48-4EF5-8FAE-8ED1325513AD}.Release|x86.ActiveCfg = Release|Win32
		{EAD3936D-DB48-4EF5-8FAE-8ED1325513AD}.Release|x86.Build.0 = Release|Win32
		{FC57237F-04F0-481E-8DE5-957C9C447AE9}.Debug|x64.ActiveCfg = Debug|x64
		{FC57237F-04F0-481E-8DE5-957C9C447AE9}.Debug|x64.Build.0 = Debug|x64
		{FC57237F-04F0-481E-8DE5-957C9C447AE9}.Debug|x86.ActiveCfg = Debug|Win32
		{FC57237F-04F0-481E-8DE5-957C9C447AE9}.Debug|x86.Build.0 = Debug|Win32
		{FC57237F-04F0-481E-8DE5-957C9C447AE9}.Release|x64.ActiveCfg = Release|x64
		{FC57237F-04F0-481E-8DE5-957C9C447AE9}.Release|x64.Build.0 = Release|x64
		{FC57237F-04F0-481E-8DE5-957C9C447AE9}.Release|x86.ActiveCfg = Release|Win32
		{FC57237F-04F0-481E-8DE5-957C9C447AE9}.Release|x86.Build.0 = Release|Win32
		{0B1C8561-418A-432B-87C4-AFFC5E465509}.Debug|x64.ActiveCfg = Debug|x64
		{0B1C8561-418A-432B-87C4-AFFC5E465509}.Debug|x64.Build.0 = Debug|x64
		{0B1C8561-418A-432B-87C4-AFFC5E465509}.Debug|x86.ActiveCfg = Debug|Win32
		{0B1C8561-418A-432B-87C4-AFFC5E465509}.Debug|x86.Build.0 = Debug|Win32
		{0B1C8561-418A-432B-87C4-AFFC5E465509}.Release|x64.ActiveCfg = Release|x64
		{0B1C8561-418A-432B-87C4-AFFC5E465509}.Release|x64.Build.0 = Release|x64
		{0B1C8561-418A-432B-87C4-AFFC5E465509}.Release|x86.ActiveCfg = Release|Win32
		{0B1C8561-418A-432B-87C4-AFFC5E465509}.Release|x86.Build.0 = Release|Win32
		{BD760F00-0D2B-4EC2-9659-4C8F3D6874DF}.Debug|x64.ActiveCfg = Debug|x64
		{BD760F00-0D2B-4EC2-9659-4C8F3D6874DF}.Debug|x64.Build.0 = Debug|x64
		{BD760F00-0D2B-4EC2-9659-4C8F3D6874DF}.Debug|x86.ActiveCfg = Debug|Win32
		{BD760F00-0D2B-4EC2-9659-4C8F3D6874DF}.Debug|x86.Build.0 = Debug|Win32
		{BD760F00-0D2B-4EC2-9659-4C8F3D6874DF}.Release|x64.ActiveCfg = Release|x64
		{BD760F00-0D2B-4EC2-9659-4C8F3D6874DF}.Release|x64.Build.0 = Release|x64
		{BD760F00-0D2B-4EC2-9659-4C8F3D6874DF}.Release|x86.ActiveCfg = Release|Win32
		{BD760F00-0D2B-4EC2-9659-4C8F3D6874DF}.Release|x86.Build.0 = Release|Win32
		{412AF431-36F4-429F-BC18-FC0CF127C432}.Debug|x64.ActiveCfg = Debug|x64
		{412AF431-36F4-429F-BC18-FC0CF127C432}.Debug|x64.Build.0 = Debug|x64
		{412AF431-36F4-429F-BC18-FC0CF127C432}.Debug|x86.ActiveCfg = Debug|Win32
		{412AF431-36F4-429F-BC18-FC0CF127C432}.Debug|x86.Build.0 = Debug|Win32
		{412AF431-36F4-429F-BC18-FC0CF127C432}.Release|x64.ActiveCfg = Release|x64
		{412AF431-36F4-429F-BC18-FC0CF127C432}.Release|x64.Build.0 = Release|x64
		{412AF431-36F4-429F-BC18-FC0CF127C432}.Release|x86.ActiveCfg = Release|Win32
		{412AF431-36F4-429F-BC18-FC0CF127C432}.Release|x86.Build.0 = Release|Win32
		{C7F8A476-2D20-4BFC-A4E5-DC0E818C87FE}.Debug|x64.ActiveCfg = Debug|x64
		{C7F8A476-2D20-4BFC-A4E5-DC0E818C87FE}.Debug|x64.Build.0 = Debug|x64
		{C7F8A476-2D20-4BFC-A4E5-DC0E818C87FE}.Debug|x86.ActiveCfg = Debug|Win32
		{C7F8A476-2D20-4BFC-A4E5-DC0E818C87FE}.Debug|x86.Build.0 = Debug|Win32
		{C7F8A476-2D20-4BFC-A4E5-DC0E818C87FE}.Release|x64.ActiveCfg = Release|x64
		{C7F8A476-2D20-4BFC-A4E5-DC0E818C87FE}.Release|x64.Build.0 = Release|x64
		{C7F8A476-2D20-4BFC-A4E5-DC0E818C87FE}.Release|x86.ActiveCfg = Release|Win32
		{C7F8A476-2D20-4BFC-A4E5-DC0E818C87FE}.Release|x86.Build.0 = Release|Win32
		{B2BC04A8-A163-4E36-B6CF-2173ABABEED6}.Debug|x64.ActiveCfg = Debug|x64
		{B2BC04A8-A163-4E36-B6CF-2173ABABEED6}.Debug|x64.Build.0 = Debug|x64
		{B2BC04A8-A163-4E36-B6CF-2173ABABEED6}.Debug|x86.ActiveCfg = Debug|Win32
		{B2BC04A8-A163-4E36-B6CF-2173ABABEED6}.Debug|x86.Build.0 = Debug|Win32
		{B2BC04A8-A163-4E36-B6CF-2173ABABEED6}.Release|x64.ActiveCfg = Release|x64
		{B2BC04A8-A163-4E36-B6CF-2173ABABEED6}.Release|x64.Build.0 = Release|x64
		{B2BC04A8-A163-4E36-B6CF-2173ABABEED6}.Release|x86.ActiveCfg = Release|Win32
		{B2BC04A8-A163-4E36-B6CF-2173ABABEED6}.Release|x86.Build.0 = Release|Win32
	EndGlobalSection
	GlobalSection(SolutionProperties) = preSolution
		HideSolutionNode = FALSE
	EndGlobalSection
	GlobalSection(ExtensibilityGlobals) = postSolution
		SolutionGuid = {7A513BE4-EAD3-4A42-AEC6-C56948A13489}
	EndGlobalSection
EndGlobal
